{
    "_readme": [
        "This file locks the dependencies of your project to a known state",
        "Read more about it at https://getcomposer.org/doc/01-basic-usage.md#composer-lock-the-lock-file",
        "This file is @generated automatically"
    ],
    "hash": "a260121f60f9267a979c1206d5071923",
    "content-hash": "a69ecdc80cf083835ab71e333c7203c9",
    "packages": [
        {
            "name": "brandonwamboldt/utilphp",
            "version": "1.0.7",
            "source": {
                "type": "git",
                "url": "https://github.com/brandonwamboldt/utilphp.git",
                "reference": "74d79a58e70d3e11026f92a7c2ac488de60f83cd"
            },
            "dist": {
                "type": "zip",
                "url": "https://packagist.phpcomposer.com/files/brandonwamboldt/utilphp/74d79a58e70d3e11026f92a7c2ac488de60f83cd.zip",
                "reference": "74d79a58e70d3e11026f92a7c2ac488de60f83cd",
                "shasum": ""
            },
            "require": {
                "php": ">=5.3.3"
            },
            "require-dev": {
                "satooshi/php-coveralls": "dev-master"
            },
            "type": "library",
            "autoload": {
                "psr-0": {
                    "utilphp\\": "src/"
                }
            },
            "notification-url": "https://packagist.org/downloads/",
            "license": [
                "MIT"
            ],
            "authors": [
                {
                    "name": "Brandon Wamboldt",
                    "email": "brandon.wamboldt@gmail.com"
                }
            ],
            "description": "util.php is a collection of useful functions and snippets that you need or could use every day, designed to avoid conflicts with existing projects",
            "homepage": "https://github.com/brandonwamboldt/utilphp",
            "keywords": [
                "collection",
                "helpers",
                "php",
                "utility"
            ],
            "time": "2015-01-24 04:09:39"
        },
        {
            "name": "chrisboulton/php-resque",
            "version": "1.2",
            "source": {
                "type": "git",
                "url": "https://github.com/chrisboulton/php-resque.git",
                "reference": "0549d6c88a4aed934655b7c03b6153349d6c3ad0"
            },
            "dist": {
                "type": "zip",
                "url": "https://packagist.phpcomposer.com/files/chrisboulton/php-resque/0549d6c88a4aed934655b7c03b6153349d6c3ad0.zip",
                "reference": "0549d6c88a4aed934655b7c03b6153349d6c3ad0",
                "shasum": ""
            },
            "require": {
                "php": ">=5.3.0"
            },
            "type": "library",
            "autoload": {
                "psr-0": {
                    "Resque": "lib"
                }
            },
            "notification-url": "https://packagist.org/downloads/",
            "license": [
                "MIT"
            ],
            "authors": [
                {
                    "name": "Chris Boulton",
                    "email": "chris@bigcommerce.com"
                }
            ],
            "description": "Redis backed library for creating background jobs and processing them later. Based on resque for Ruby.",
            "homepage": "http://www.github.com/chrisboulton/php-resque/",
            "keywords": [
                "background",
                "job",
                "redis",
                "resque"
            ],
            "time": "2012-10-13 07:28:16"
        },
        {
            "name": "maximebf/consolekit",
            "version": "1.0.3",
            "source": {
                "type": "git",
                "url": "https://github.com/maximebf/ConsoleKit.git",
                "reference": "c46403e2cf98e8413168c523bdbb7c13a386abe5"
            },
            "dist": {
                "type": "zip",
                "url": "https://packagist.phpcomposer.com/files/maximebf/ConsoleKit/c46403e2cf98e8413168c523bdbb7c13a386abe5.zip",
                "reference": "c46403e2cf98e8413168c523bdbb7c13a386abe5",
                "shasum": ""
            },
            "require": {
                "php": ">=5.3.0"
            },
            "type": "library",
            "autoload": {
                "psr-0": {
                    "ConsoleKit": "src/"
                }
            },
            "notification-url": "https://packagist.org/downloads/",
            "license": [
                "MIT"
            ],
            "authors": [
                {
                    "name": "Maxime Bouroumeau-Fuseau",
                    "email": "maxime.bouroumeau@gmail.com",
                    "homepage": "http://maximebf.com"
                }
            ],
            "description": "Library to create command line utilities",
            "homepage": "https://github.com/maximebf/ConsoleKit",
            "keywords": [
                "cli",
                "commands",
                "console",
                "shell"
            ],
            "time": "2013-01-01 16:03:55"
        }
    ],
    "packages-dev": [],
    "aliases": [],
    "minimum-stability": "stable",
    "stability-flags": [],
    "prefer-stable": false,
    "prefer-lowest": false,
    "platform": {
        "php": ">=5.5.0"
    },
    "platform-dev": []
}
